// !$*UTF8*$!
{
	archiveVersion = 1;
	classes = {
	};
	objectVersion = 70;
	objects = {

/* Begin PBXBuildFile section */
		2CA967D42DAB8DAE002C6D35 /* FluidGradient in Frameworks */ = {isa = PBXBuildFile; productRef = 2CA967D32DAB8DAE002C6D35 /* FluidGradient */; };
		2CA967F52DAEDD35002C6D35 /* MetalPetal in Frameworks */ = {isa = PBXBuildFile; productRef = 2CA967F42DAEDD35002C6D35 /* MetalPetal */; };
		2CB568AA2C7CB9B50027924C /* SolarisApp.swift in Sources */ = {isa = PBXBuildFile; fileRef = 2CB568A92C7CB9B50027924C /* SolarisApp.swift */; };
		2CB568AE2C7CB9B70027924C /* Assets.xcassets in Resources */ = {isa = PBXBuildFile; fileRef = 2CB568AD2C7CB9B70027924C /* Assets.xcassets */; };
		2CB568B12C7CB9B70027924C /* Preview Assets.xcassets in Resources */ = {isa = PBXBuildFile; fileRef = 2CB568B02C7CB9B70027924C /* Preview Assets.xcassets */; };
		2CB568B32C7CB9B70027924C /* Persistence.swift in Sources */ = {isa = PBXBuildFile; fileRef = 2CB568B22C7CB9B70027924C /* Persistence.swift */; };
		2CB568C02C7CB9B70027924C /* solarisTests.swift in Sources */ = {isa = PBXBuildFile; fileRef = 2CB568BF2C7CB9B70027924C /* solarisTests.swift */; };
		2CB568CA2C7CB9B70027924C /* solarisUITests.swift in Sources */ = {isa = PBXBuildFile; fileRef = 2CB568C92C7CB9B70027924C /* solarisUITests.swift */; };
		2CB568CC2C7CB9B70027924C /* solarisUITestsLaunchTests.swift in Sources */ = {isa = PBXBuildFile; fileRef = 2CB568CB2C7CB9B70027924C /* solarisUITestsLaunchTests.swift */; };
/* End PBXBuildFile section */

/* Begin PBXContainerItemProxy section */
		2CB568BC2C7CB9B70027924C /* PBXContainerItemProxy */ = {
			isa = PBXContainerItemProxy;
			containerPortal = 2CB5689E2C7CB9B50027924C /* Project object */;
			proxyType = 1;
			remoteGlobalIDString = 2CB568A52C7CB9B50027924C;
			remoteInfo = solaris;
		};
		2CB568C62C7CB9B70027924C /* PBXContainerItemProxy */ = {
			isa = PBXContainerItemProxy;
			containerPortal = 2CB5689E2C7CB9B50027924C /* Project object */;
			proxyType = 1;
			remoteGlobalIDString = 2CB568A52C7CB9B50027924C;
			remoteInfo = solaris;
		};
/* End PBXContainerItemProxy section */

/* Begin PBXFileReference section */
		2C943CA52DA99B870085FA15 /* Info.plist */ = {isa = PBXFileReference; lastKnownFileType = text.plist; path = Info.plist; sourceTree = "<group>"; };
		2CB568A62C7CB9B50027924C /* solaris.app */ = {isa = PBXFileReference; explicitFileType = wrapper.application; includeInIndex = 0; path = solaris.app; sourceTree = BUILT_PRODUCTS_DIR; };
		2CB568A92C7CB9B50027924C /* SolarisApp.swift */ = {isa = PBXFileReference; lastKnownFileType = sourcecode.swift; path = SolarisApp.swift; sourceTree = "<group>"; };
		2CB568AD2C7CB9B70027924C /* Assets.xcassets */ = {isa = PBXFileReference; lastKnownFileType = folder.assetcatalog; path = Assets.xcassets; sourceTree = "<group>"; };
		2CB568B02C7CB9B70027924C /* Preview Assets.xcassets */ = {isa = PBXFileReference; lastKnownFileType = folder.assetcatalog; path = "Preview Assets.xcassets"; sourceTree = "<group>"; };
		2CB568B22C7CB9B70027924C /* Persistence.swift */ = {isa = PBXFileReference; lastKnownFileType = sourcecode.swift; path = Persistence.swift; sourceTree = "<group>"; };
		2CB568BB2C7CB9B70027924C /* solarisTests.xctest */ = {isa = PBXFileReference; explicitFileType = wrapper.cfbundle; includeInIndex = 0; path = solarisTests.xctest; sourceTree = BUILT_PRODUCTS_DIR; };
		2CB568BF2C7CB9B70027924C /* solarisTests.swift */ = {isa = PBXFileReference; lastKnownFileType = sourcecode.swift; path = solarisTests.swift; sourceTree = "<group>"; };
		2CB568C52C7CB9B70027924C /* solarisUITests.xctest */ = {isa = PBXFileReference; explicitFileType = wrapper.cfbundle; includeInIndex = 0; path = solarisUITests.xctest; sourceTree = BUILT_PRODUCTS_DIR; };
		2CB568C92C7CB9B70027924C /* solarisUITests.swift */ = {isa = PBXFileReference; lastKnownFileType = sourcecode.swift; path = solarisUITests.swift; sourceTree = "<group>"; };
		2CB568CB2C7CB9B70027924C /* solarisUITestsLaunchTests.swift */ = {isa = PBXFileReference; lastKnownFileType = sourcecode.swift; path = solarisUITestsLaunchTests.swift; sourceTree = "<group>"; };
/* End PBXFileReference section */

/* Begin PBXFileSystemSynchronizedBuildFileExceptionSet section */
		2CD17E782DEA8B9E00D398A2 /* PBXFileSystemSynchronizedBuildFileExceptionSet */ = {
			isa = PBXFileSystemSynchronizedBuildFileExceptionSet;
			membershipExceptions = (
				"Preview Assets.xcassets",
			);
			target = 2CB568A52C7CB9B50027924C /* solaris */;
		};
/* End PBXFileSystemSynchronizedBuildFileExceptionSet section */

/* Begin PBXFileSystemSynchronizedRootGroup section */
		2C0369E42E36FA11009990C4 /* Features */ = {isa = PBXFileSystemSynchronizedRootGroup; explicitFileTypes = {}; explicitFolders = (); path = Features; sourceTree = "<group>"; };
		2C0369FB2E36FA1D009990C4 /* Models */ = {isa = PBXFileSystemSynchronizedRootGroup; explicitFileTypes = {}; explicitFolders = (); path = Models; sourceTree = "<group>"; };
		2C0369FA2E36FA1C009990C4 /* Shared */ = {isa = PBXFileSystemSynchronizedRootGroup; explicitFileTypes = {}; explicitFolders = (); path = Shared; sourceTree = "<group>"; };
		2CD17E262DEA0B4D00D398A2 /* Preview Content */ = {isa = PBXFileSystemSynchronizedRootGroup; exceptions = (2CD17E782DEA8B9E00D398A2 /* PBXFileSystemSynchronizedBuildFileExceptionSet */, ); explicitFileTypes = {}; explicitFolders = (); path = "Preview Content"; sourceTree = "<group>"; };
/* End PBXFileSystemSynchronizedRootGroup section */

/* Begin PBXFrameworksBuildPhase section */
		2CB568A32C7CB9B50027924C /* Frameworks */ = {
			isa = PBXFrameworksBuildPhase;
			buildActionMask = 2147483647;
			files = (
				2CA967F52DAEDD35002C6D35 /* MetalPetal in Frameworks */,
				2CA967D42DAB8DAE002C6D35 /* FluidGradient in Frameworks */,
			);
			runOnlyForDeploymentPostprocessing = 0;
		};
		2CB568B82C7CB9B70027924C /* Frameworks */ = {
			isa = PBXFrameworksBuildPhase;
			buildActionMask = 2147483647;
			files = (
			);
			runOnlyForDeploymentPostprocessing = 0;
		};
		2CB568C22C7CB9B70027924C /* Frameworks */ = {
			isa = PBXFrameworksBuildPhase;
			buildActionMask = 2147483647;
			files = (
			);
			runOnlyForDeploymentPostprocessing = 0;
		};
/* End PBXFrameworksBuildPhase section */

/* Begin PBXGroup section */
			2CB5689D2C7CB9B50027924C = {
			isa = PBXGroup;
			children = (
				2CB568A82C7CB9B50027924C /* solaris */,
				2CB568BE2C7CB9B70027924C /* solarisTests */,
				2CB568C82C7CB9B70027924C /* solarisUITests */,
				2CB568A72C7CB9B50027924C /* Products */,
			);
			sourceTree = "<group>";
		};
		2CB568A72C7CB9B50027924C /* Products */ = {
			isa = PBXGroup;
			children = (
				2CB568A62C7CB9B50027924C /* solaris.app */,
				2CB568BB2C7CB9B70027924C /* solarisTests.xctest */,
				2CB568C52C7CB9B70027924C /* solarisUITests.xctest */,
			);
			name = Products;
			sourceTree = "<group>";
		};
		2CB568A82C7CB9B50027924C /* solaris */ = {
			isa = PBXGroup;
			children = (
				2CD17E262DEA0B4D00D398A2 /* Preview Content */,
				2C943CA52DA99B870085FA15 /* Info.plist */,
				2CB568A92C7CB9B50027924C /* SolarisApp.swift */,
				2CB568AD2C7CB9B70027924C /* Assets.xcassets */,
				2CB568B22C7CB9B70027924C /* Persistence.swift */,
				2CB568AF2C7CB9B70027924C /* Preview Content */,
				2C0369E42E36FA11009990C4 /* Features */,
				2C0369FB2E36FA1D009990C4 /* Models */,
				2C0369FA2E36FA1C009990C4 /* Shared */,
			);
			path = solaris;
			sourceTree = "<group>";
		};
		2CB568AF2C7CB9B70027924C /* Preview Content */ = {
			isa = PBXGroup;
			children = (
				2CB568B02C7CB9B70027924C /* Preview Assets.xcassets */,
			);
			path = "Preview Content";
			sourceTree = "<group>";
		};
		2CB568BE2C7CB9B70027924C /* solarisTests */ = {
			isa = PBXGroup;
			children = (
				2CB568BF2C7CB9B70027924C /* solarisTests.swift */,
			);
			path = solarisTests;
			sourceTree = "<group>";
		};
		2CB568C82C7CB9B70027924C /* solarisUITests */ = {
			isa = PBXGroup;
			children = (
				2CB568C92C7CB9B70027924C /* solarisUITests.swift */,
				2CB568CB2C7CB9B70027924C /* solarisUITestsLaunchTests.swift */,
			);
			path = solarisUITests;
			sourceTree = "<group>";
		};
/* End PBXGroup section */

/* Begin PBXNativeTarget section */
		2CB568A52C7CB9B50027924C /* solaris */ = {
			isa = PBXNativeTarget;
			buildConfigurationList = 2CB568CF2C7CB9B70027924C /* Build configuration list for PBXNativeTarget "solaris" */;
			buildPhases = (
				2CB568A22C7CB9B50027924C /* Sources */,
				2CB568A32C7CB9B50027924C /* Frameworks */,
				2CB568A42C7CB9B50027924C /* Resources */,
			);
			buildRules = (
			);
			dependencies = (
			);
			fileSystemSynchronizedGroups = (
				2C0369E42E36FA11009990C4 /* Features */,
				2C0369FB2E36FA1D009990C4 /* Models */,
				2C0369FA2E36FA1C009990C4 /* Shared */,
				2CD17E262DEA0B4D00D398A2 /* Preview Content */,
			);
			name = solaris;
			productName = solaris;
			productReference = 2CB568A62C7CB9B50027924C /* solaris.app */;
			productType = "com.apple.product-type.application";
		};
		2CB568BA2C7CB9B70027924C /* solarisTests */ = {
			isa = PBXNativeTarget;
			buildConfigurationList = 2CB568D22C7CB9B70027924C /* Build configuration list for PBXNativeTarget "solarisTests" */;
			buildPhases = (
				2CB568B72C7CB9B70027924C /* Sources */,
				2CB568B82C7CB9B70027924C /* Frameworks */,
				2CB568B92C7CB9B70027924C /* Resources */,
			);
			buildRules = (
			);
			dependencies = (
				2CB568BD2C7CB9B70027924C /* PBXTargetDependency */,
			);
			name = solarisTests;
			productName = solarisTests;
			productReference = 2CB568BB2C7CB9B70027924C /* solarisTests.xctest */;
			productType = "com.apple.product-type.bundle.unit-test";
		};
		2CB568C42C7CB9B70027924C /* solarisUITests */ = {
			isa = PBXNativeTarget;
			buildConfigurationList = 2CB568D52C7CB9B70027924C /* Build configuration list for PBXNativeTarget "solarisUITests" */;
			buildPhases = (
				2CB568C12C7CB9B70027924C /* Sources */,
				2CB568C22C7CB9B70027924C /* Frameworks */,
				2CB568C32C7CB9B70027924C /* Resources */,
			);
			buildRules = (
			);
			dependencies = (
				2CB568C72C7CB9B70027924C /* PBXTargetDependency */,
			);
			name = solarisUITests;
			productName = solarisUITests;
			productReference = 2CB568C52C7CB9B70027924C /* solarisUITests.xctest */;
			productType = "com.apple.product-type.bundle.ui-testing";
		};
/* End PBXNativeTarget section */

/* Begin PBXProject section */
		2CB5689E2C7CB9B50027924C /* Project object */ = {
			isa = PBXProject;
			attributes = {
				BuildIndependentTargetsInParallel = 1;
				LastSwiftUpdateCheck = 1540;
				LastUpgradeCheck = 2600;
				TargetAttributes = {
					2CB568A52C7CB9B50027924C = {
						CreatedOnToolsVersion = 15.4;
					};
					2CB568BA2C7CB9B70027924C = {
						CreatedOnToolsVersion = 15.4;
						TestTargetID = 2CB568A52C7CB9B50027924C;
					};
					2CB568C42C7CB9B70027924C = {
						CreatedOnToolsVersion = 15.4;
						TestTargetID = 2CB568A52C7CB9B50027924C;
					};
				};
			};
			buildConfigurationList = 2CB568A12C7CB9B50027924C /* Build configuration list for PBXProject "solaris" */;
			compatibilityVersion = "Xcode 14.0";
			developmentRegion = en;
			hasScannedForEncodings = 0;
			knownRegions = (
				en,
				Base,
			);
			mainGroup = 2CB5689D2C7CB9B50027924C;
			packageReferences = (
				2C5C54A42DAB8C3E003F5A61 /* XCRemoteSwiftPackageReference "FluidGradient" */,
				2CA967F32DAEDD35002C6D35 /* XCRemoteSwiftPackageReference "MetalPetal" */,
			);
			productRefGroup = 2CB568A72C7CB9B50027924C /* Products */;
			projectDirPath = "";
			projectRoot = "";
			targets = (
				2CB568A52C7CB9B50027924C /* solaris */,
				2CB568BA2C7CB9B70027924C /* solarisTests */,
				2CB568C42C7CB9B70027924C /* solarisUITests */,
			);
		};
/* End PBXProject section */

/* Begin PBXResourcesBuildPhase section */
		2CB568A42C7CB9B50027924C /* Resources */ = {
			isa = PBXResourcesBuildPhase;
			buildActionMask = 2147483647;
			files = (
				2CB568B12C7CB9B70027924C /* Preview Assets.xcassets in Resources */,
				2CB568AE2C7CB9B70027924C /* Assets.xcassets in Resources */,
			);
			runOnlyForDeploymentPostprocessing = 0;
		};
		2CB568B92C7CB9B70027924C /* Resources */ = {
			isa = PBXResourcesBuildPhase;
			buildActionMask = 2147483647;
			files = (
			);
			runOnlyForDeploymentPostprocessing = 0;
		};
		2CB568C32C7CB9B70027924C /* Resources */ = {
			isa = PBXResourcesBuildPhase;
			buildActionMask = 2147483647;
			files = (
			);
			runOnlyForDeploymentPostprocessing = 0;
		};
/* End PBXResourcesBuildPhase section */

/* Begin PBXSourcesBuildPhase section */
		2CB568A22C7CB9B50027924C /* Sources */ = {
			isa = PBXSourcesBuildPhase;
			buildActionMask = 2147483647;
			files = (
				2CB568B32C7CB9B70027924C /* Persistence.swift in Sources */,
				2CB568AA2C7CB9B50027924C /* SolarisApp.swift in Sources */,
			);
			runOnlyForDeploymentPostprocessing = 0;
		};
		2CB568B72C7CB9B70027924C /* Sources */ = {
			isa = PBXSourcesBuildPhase;
			buildActionMask = 2147483647;
			files = (
				2CB568C02C7CB9B70027924C /* solarisTests.swift in Sources */,
			);
			runOnlyForDeploymentPostprocessing = 0;
		};
		2CB568C12C7CB9B70027924C /* Sources */ = {
			isa = PBXSourcesBuildPhase;
			buildActionMask = 2147483647;
			files = (
				2CB568CC2C7CB9B70027924C /* solarisUITestsLaunchTests.swift in Sources */,
				2CB568CA2C7CB9B70027924C /* solarisUITests.swift in Sources */,
			);
			runOnlyForDeploymentPostprocessing = 0;
		};
/* End PBXSourcesBuildPhase section */

/* Begin PBXTargetDependency section */
		2CB568BD2C7CB9B70027924C /* PBXTargetDependency */ = {
			isa = PBXTargetDependency;
			target = 2CB568A52C7CB9B50027924C /* solaris */;
			targetProxy = 2CB568BC2C7CB9B70027924C /* PBXContainerItemProxy */;
		};
		2CB568C72C7CB9B70027924C /* PBXTargetDependency */ = {
			isa = PBXTargetDependency;
			target = 2CB568A52C7CB9B50027924C /* solaris */;
			targetProxy = 2CB568C62C7CB9B70027924C /* PBXContainerItemProxy */;
		};
/* End PBXTargetDependency section */

/* Begin XCBuildConfiguration section */
		2CB568CD2C7CB9B70027924C /* Debug */ = {
			isa = XCBuildConfiguration;
			buildSettings = {
				ALWAYS_SEARCH_USER_PATHS = NO;
				ASSETCATALOG_COMPILER_GENERATE_SWIFT_ASSET_SYMBOL_EXTENSIONS = YES;
				CLANG_ANALYZER_NONNULL = YES;
				CLANG_ANALYZER_NUMBER_OBJECT_CONVERSION = YES_AGGRESSIVE;
				CLANG_CXX_LANGUAGE_STANDARD = "gnu++20";
				CLANG_ENABLE_MODULES = YES;
				CLANG_ENABLE_OBJC_ARC = YES;
				CLANG_ENABLE_OBJC_WEAK = YES;
				CLANG_WARN_BLOCK_CAPTURE_AUTORELEASING = YES;
				CLANG_WARN_BOOL_CONVERSION = YES;
				CLANG_WARN_COMMA = YES;
				CLANG_WARN_CONSTANT_CONVERSION = YES;
				CLANG_WARN_DEPRECATED_OBJC_IMPLEMENTATIONS = YES;
				CLANG_WARN_DIRECT_OBJC_ISA_USAGE = YES_ERROR;
				CLANG_WARN_DOCUMENTATION_COMMENTS = YES;
				CLANG_WARN_EMPTY_BODY = YES;
				CLANG_WARN_ENUM_CONVERSION = YES;
				CLANG_WARN_INFINITE_RECURSION = YES;
				CLANG_WARN_INT_CONVERSION = YES;
				CLANG_WARN_NON_LITERAL_NULL_CONVERSION = YES;
				CLANG_WARN_OBJC_IMPLICIT_RETAIN_SELF = YES;
				CLANG_WARN_OBJC_LITERAL_CONVERSION = YES;
				CLANG_WARN_OBJC_ROOT_CLASS = YES_ERROR;
				CLANG_WARN_QUOTED_INCLUDE_IN_FRAMEWORK_HEADER = YES;
				CLANG_WARN_RANGE_LOOP_ANALYSIS = YES;
				CLANG_WARN_STRICT_PROTOTYPES = YES;
				CLANG_WARN_SUSPICIOUS_MOVE = YES;
				CLANG_WARN_UNGUARDED_AVAILABILITY = YES_AGGRESSIVE;
				CLANG_WARN_UNREACHABLE_CODE = YES;
				CLANG_WARN__DUPLICATE_METHOD_MATCH = YES;
				COPY_PHASE_STRIP = NO;
				DEBUG_INFORMATION_FORMAT = dwarf;
				DEVELOPMENT_TEAM = VCF3DS6BTV;
				ENABLE_STRICT_OBJC_MSGSEND = YES;
				ENABLE_TESTABILITY = YES;
				ENABLE_USER_SCRIPT_SANDBOXING = YES;
				GCC_C_LANGUAGE_STANDARD = gnu17;
				GCC_DYNAMIC_NO_PIC = NO;
				GCC_NO_COMMON_BLOCKS = YES;
				GCC_OPTIMIZATION_LEVEL = 0;
				GCC_PREPROCESSOR_DEFINITIONS = (
					"DEBUG=1",
					"$(inherited)",
				);
				GCC_WARN_64_TO_32_BIT_CONVERSION = YES;
				GCC_WARN_ABOUT_RETURN_TYPE = YES_ERROR;
				GCC_WARN_UNDECLARED_SELECTOR = YES;
				GCC_WARN_UNINITIALIZED_AUTOS = YES_AGGRESSIVE;
				GCC_WARN_UNUSED_FUNCTION = YES;
				GCC_WARN_UNUSED_VARIABLE = YES;
				IPHONEOS_DEPLOYMENT_TARGET = 26.0;
				LOCALIZATION_PREFERS_STRING_CATALOGS = YES;
				MTL_ENABLE_DEBUG_INFO = INCLUDE_SOURCE;
				MTL_FAST_MATH = YES;
				ONLY_ACTIVE_ARCH = YES;
				SDKROOT = iphoneos;
				STRING_CATALOG_GENERATE_SYMBOLS = YES;
				SWIFT_ACTIVE_COMPILATION_CONDITIONS = "DEBUG $(inherited)";
				SWIFT_OPTIMIZATION_LEVEL = "-Onone";
			};
			name = Debug;
		};
		2CB568CE2C7CB9B70027924C /* Release */ = {
			isa = XCBuildConfiguration;
			buildSettings = {
				ALWAYS_SEARCH_USER_PATHS = NO;
				ASSETCATALOG_COMPILER_GENERATE_SWIFT_ASSET_SYMBOL_EXTENSIONS = YES;
				CLANG_ANALYZER_NONNULL = YES;
				CLANG_ANALYZER_NUMBER_OBJECT_CONVERSION = YES_AGGRESSIVE;
				CLANG_CXX_LANGUAGE_STANDARD = "gnu++20";
				CLANG_ENABLE_MODULES = YES;
				CLANG_ENABLE_OBJC_ARC = YES;
				CLANG_ENABLE_OBJC_WEAK = YES;
				CLANG_WARN_BLOCK_CAPTURE_AUTORELEASING = YES;
				CLANG_WARN_BOOL_CONVERSION = YES;
				CLANG_WARN_COMMA = YES;
				CLANG_WARN_CONSTANT_CONVERSION = YES;
				CLANG_WARN_DEPRECATED_OBJC_IMPLEMENTATIONS = YES;
				CLANG_WARN_DIRECT_OBJC_ISA_USAGE = YES_ERROR;
				CLANG_WARN_DOCUMENTATION_COMMENTS = YES;
				CLANG_WARN_EMPTY_BODY = YES;
				CLANG_WARN_ENUM_CONVERSION = YES;
				CLANG_WARN_INFINITE_RECURSION = YES;
				CLANG_WARN_INT_CONVERSION = YES;
				CLANG_WARN_NON_LITERAL_NULL_CONVERSION = YES;
				CLANG_WARN_OBJC_IMPLICIT_RETAIN_SELF = YES;
				CLANG_WARN_OBJC_LITERAL_CONVERSION = YES;
				CLANG_WARN_OBJC_ROOT_CLASS = YES_ERROR;
				CLANG_WARN_QUOTED_INCLUDE_IN_FRAMEWORK_HEADER = YES;
				CLANG_WARN_RANGE_LOOP_ANALYSIS = YES;
				CLANG_WARN_STRICT_PROTOTYPES = YES;
				CLANG_WARN_SUSPICIOUS_MOVE = YES;
				CLANG_WARN_UNGUARDED_AVAILABILITY = YES_AGGRESSIVE;
				CLANG_WARN_UNREACHABLE_CODE = YES;
				CLANG_WARN__DUPLICATE_METHOD_MATCH = YES;
				COPY_PHASE_STRIP = NO;
				DEBUG_INFORMATION_FORMAT = "dwarf-with-dsym";
				DEVELOPMENT_TEAM = VCF3DS6BTV;
				ENABLE_NS_ASSERTIONS = NO;
				ENABLE_STRICT_OBJC_MSGSEND = YES;
				ENABLE_USER_SCRIPT_SANDBOXING = YES;
				GCC_C_LANGUAGE_STANDARD = gnu17;
				GCC_NO_COMMON_BLOCKS = YES;
				GCC_WARN_64_TO_32_BIT_CONVERSION = YES;
				GCC_WARN_ABOUT_RETURN_TYPE = YES_ERROR;
				GCC_WARN_UNDECLARED_SELECTOR = YES;
				GCC_WARN_UNINITIALIZED_AUTOS = YES_AGGRESSIVE;
				GCC_WARN_UNUSED_FUNCTION = YES;
				GCC_WARN_UNUSED_VARIABLE = YES;
				IPHONEOS_DEPLOYMENT_TARGET = 26.0;
				LOCALIZATION_PREFERS_STRING_CATALOGS = YES;
				MTL_ENABLE_DEBUG_INFO = NO;
				MTL_FAST_MATH = YES;
				SDKROOT = iphoneos;
				STRING_CATALOG_GENERATE_SYMBOLS = YES;
				SWIFT_COMPILATION_MODE = wholemodule;
				VALIDATE_PRODUCT = YES;
			};
			name = Release;
		};
		2CB568D02C7CB9B70027924C /* Debug */ = {
			isa = XCBuildConfiguration;
			buildSettings = {
				ASSETCATALOG_COMPILER_APPICON_NAME = AppIcon;
				ASSETCATALOG_COMPILER_GLOBAL_ACCENT_COLOR_NAME = AccentColor;
				CODE_SIGN_STYLE = Automatic;
				CURRENT_PROJECT_VERSION = 1;
				DEVELOPMENT_ASSET_PATHS = "\"solaris/Preview Content\"";
				ENABLE_PREVIEWS = YES;
				GENERATE_INFOPLIST_FILE = YES;
				INFOPLIST_FILE = solaris/Info.plist;
				INFOPLIST_KEY_CFBundleDisplayName = solaris;
				INFOPLIST_KEY_LSApplicationCategoryType = "public.app-category.photography";
				INFOPLIST_KEY_NSCameraUsageDescription = "We need access to your camera so you can snap some cool pics 😄";
				INFOPLIST_KEY_NSMicrophoneUsageDescription = "Mind if we check out your photos? Just to let you pick an awesome image 😌";
				INFOPLIST_KEY_NSPhotoLibraryAddUsageDescription = "Mind if we check out your photos? Just to let you pick an awesome image 😌";
				INFOPLIST_KEY_NSPhotoLibraryUsageDescription = "Mind if we check out your photos? Just to let you pick an awesome image 😌";
				INFOPLIST_KEY_UIApplicationSceneManifest_Generation = YES;
				INFOPLIST_KEY_UIApplicationSupportsIndirectInputEvents = YES;
				INFOPLIST_KEY_UILaunchScreen_Generation = YES;
				INFOPLIST_KEY_UISupportedInterfaceOrientations_iPad = "UIInterfaceOrientationPortrait UIInterfaceOrientationPortraitUpsideDown UIInterfaceOrientationLandscapeLeft UIInterfaceOrientationLandscapeRight";
				INFOPLIST_KEY_UISupportedInterfaceOrientations_iPhone = "UIInterfaceOrientationPortrait UIInterfaceOrientationLandscapeLeft UIInterfaceOrientationLandscapeRight";
				IPHONEOS_DEPLOYMENT_TARGET = 26.0;
				LD_RUNPATH_SEARCH_PATHS = (
					"$(inherited)",
					"@executable_path/Frameworks",
				);
				MARKETING_VERSION = 1.0;
				PRODUCT_BUNDLE_IDENTIFIER = polterware.solaris;
				PRODUCT_NAME = "$(TARGET_NAME)";
				SWIFT_EMIT_LOC_STRINGS = YES;
				SWIFT_VERSION = 5.0;
				TARGETED_DEVICE_FAMILY = "1,2";
			};
			name = Debug;
		};
		2CB568D12C7CB9B70027924C /* Release */ = {
			isa = XCBuildConfiguration;
			buildSettings = {
				ASSETCATALOG_COMPILER_APPICON_NAME = AppIcon;
				ASSETCATALOG_COMPILER_GLOBAL_ACCENT_COLOR_NAME = AccentColor;
				CODE_SIGN_STYLE = Automatic;
				CURRENT_PROJECT_VERSION = 1;
				DEVELOPMENT_ASSET_PATHS = "\"solaris/Preview Content\"";
				ENABLE_PREVIEWS = YES;
				GENERATE_INFOPLIST_FILE = YES;
				INFOPLIST_FILE = solaris/Info.plist;
				INFOPLIST_KEY_CFBundleDisplayName = solaris;
				INFOPLIST_KEY_LSApplicationCategoryType = "public.app-category.photography";
				INFOPLIST_KEY_NSCameraUsageDescription = "We need access to your camera so you can snap some cool pics 😄";
				INFOPLIST_KEY_NSMicrophoneUsageDescription = "Mind if we check out your photos? Just to let you pick an awesome image 😌";
				INFOPLIST_KEY_NSPhotoLibraryAddUsageDescription = "Mind if we check out your photos? Just to let you pick an awesome image 😌";
				INFOPLIST_KEY_NSPhotoLibraryUsageDescription = "Mind if we check out your photos? Just to let you pick an awesome image 😌";
				INFOPLIST_KEY_UIApplicationSceneManifest_Generation = YES;
				INFOPLIST_KEY_UIApplicationSupportsIndirectInputEvents = YES;
				INFOPLIST_KEY_UILaunchScreen_Generation = YES;
				INFOPLIST_KEY_UISupportedInterfaceOrientations_iPad = "UIInterfaceOrientationPortrait UIInterfaceOrientationPortraitUpsideDown UIInterfaceOrientationLandscapeLeft UIInterfaceOrientationLandscapeRight";
				INFOPLIST_KEY_UISupportedInterfaceOrientations_iPhone = "UIInterfaceOrientationPortrait UIInterfaceOrientationLandscapeLeft UIInterfaceOrientationLandscapeRight";
				IPHONEOS_DEPLOYMENT_TARGET = 26.0;
				LD_RUNPATH_SEARCH_PATHS = (
					"$(inherited)",
					"@executable_path/Frameworks",
				);
				MARKETING_VERSION = 1.0;
				PRODUCT_BUNDLE_IDENTIFIER = polterware.solaris;
				PRODUCT_NAME = "$(TARGET_NAME)";
				SWIFT_EMIT_LOC_STRINGS = YES;
				SWIFT_VERSION = 5.0;
				TARGETED_DEVICE_FAMILY = "1,2";
			};
			name = Release;
		};
		2CB568D32C7CB9B70027924C /* Debug */ = {
			isa = XCBuildConfiguration;
			buildSettings = {
				BUNDLE_LOADER = "$(TEST_HOST)";
				CODE_SIGN_STYLE = Automatic;
				CURRENT_PROJECT_VERSION = 1;
				GENERATE_INFOPLIST_FILE = YES;
				IPHONEOS_DEPLOYMENT_TARGET = 26.0;
				MARKETING_VERSION = 1.0;
				PRODUCT_BUNDLE_IDENTIFIER = spktrm.solarisTests;
				PRODUCT_NAME = "$(TARGET_NAME)";
				SWIFT_EMIT_LOC_STRINGS = NO;
				SWIFT_VERSION = 5.0;
				TARGETED_DEVICE_FAMILY = "1,2";
				TEST_HOST = "$(BUILT_PRODUCTS_DIR)/solaris.app/$(BUNDLE_EXECUTABLE_FOLDER_PATH)/solaris";
			};
			name = Debug;
		};
		2CB568D42C7CB9B70027924C /* Release */ = {
			isa = XCBuildConfiguration;
			buildSettings = {
				BUNDLE_LOADER = "$(TEST_HOST)";
				CODE_SIGN_STYLE = Automatic;
				CURRENT_PROJECT_VERSION = 1;
				GENERATE_INFOPLIST_FILE = YES;
				IPHONEOS_DEPLOYMENT_TARGET = 26.0;
				MARKETING_VERSION = 1.0;
				PRODUCT_BUNDLE_IDENTIFIER = spktrm.solarisTests;
				PRODUCT_NAME = "$(TARGET_NAME)";
				SWIFT_EMIT_LOC_STRINGS = NO;
				SWIFT_VERSION = 5.0;
				TARGETED_DEVICE_FAMILY = "1,2";
				TEST_HOST = "$(BUILT_PRODUCTS_DIR)/solaris.app/$(BUNDLE_EXECUTABLE_FOLDER_PATH)/solaris";
			};
			name = Release;
		};
		2CB568D62C7CB9B70027924C /* Debug */ = {
			isa = XCBuildConfiguration;
			buildSettings = {
				CODE_SIGN_STYLE = Automatic;
				CURRENT_PROJECT_VERSION = 1;
				GENERATE_INFOPLIST_FILE = YES;
				MARKETING_VERSION = 1.0;
				PRODUCT_BUNDLE_IDENTIFIER = spktrm.solarisUITests;
				PRODUCT_NAME = "$(TARGET_NAME)";
				SWIFT_EMIT_LOC_STRINGS = NO;
				SWIFT_VERSION = 5.0;
				TARGETED_DEVICE_FAMILY = "1,2";
				TEST_TARGET_NAME = solaris;
			};
			name = Debug;
		};
		2CB568D72C7CB9B70027924C /* Release */ = {
			isa = XCBuildConfiguration;
			buildSettings = {
				CODE_SIGN_STYLE = Automatic;
				CURRENT_PROJECT_VERSION = 1;
				GENERATE_INFOPLIST_FILE = YES;
				MARKETING_VERSION = 1.0;
				PRODUCT_BUNDLE_IDENTIFIER = spktrm.solarisUITests;
				PRODUCT_NAME = "$(TARGET_NAME)";
				SWIFT_EMIT_LOC_STRINGS = NO;
				SWIFT_VERSION = 5.0;
				TARGETED_DEVICE_FAMILY = "1,2";
				TEST_TARGET_NAME = solaris;
			};
			name = Release;
		};
/* End XCBuildConfiguration section */

/* Begin XCConfigurationList section */
		2CB568A12C7CB9B50027924C /* Build configuration list for PBXProject "solaris" */ = {
			isa = XCConfigurationList;
			buildConfigurations = (
				2CB568CD2C7CB9B70027924C /* Debug */,
				2CB568CE2C7CB9B70027924C /* Release */,
			);
			defaultConfigurationIsVisible = 0;
			defaultConfigurationName = Release;
		};
		2CB568CF2C7CB9B70027924C /* Build configuration list for PBXNativeTarget "solaris" */ = {
			isa = XCConfigurationList;
			buildConfigurations = (
				2CB568D02C7CB9B70027924C /* Debug */,
				2CB568D12C7CB9B70027924C /* Release */,
			);
			defaultConfigurationIsVisible = 0;
			defaultConfigurationName = Release;
		};
		2CB568D22C7CB9B70027924C /* Build configuration list for PBXNativeTarget "solarisTests" */ = {
			isa = XCConfigurationList;
			buildConfigurations = (
				2CB568D32C7CB9B70027924C /* Debug */,
				2CB568D42C7CB9B70027924C /* Release */,
			);
			defaultConfigurationIsVisible = 0;
			defaultConfigurationName = Release;
		};
		2CB568D52C7CB9B70027924C /* Build configuration list for PBXNativeTarget "solarisUITests" */ = {
			isa = XCConfigurationList;
			buildConfigurations = (
				2CB568D62C7CB9B70027924C /* Debug */,
				2CB568D72C7CB9B70027924C /* Release */,
			);
			defaultConfigurationIsVisible = 0;
			defaultConfigurationName = Release;
		};
/* End XCConfigurationList section */

/* Begin XCRemoteSwiftPackageReference section */
		2C5C54A42DAB8C3E003F5A61 /* XCRemoteSwiftPackageReference "FluidGradient" */ = {
			isa = XCRemoteSwiftPackageReference;
			repositoryURL = "https://github.com/Cindori/FluidGradient";
			requirement = {
				kind = upToNextMajorVersion;
				minimumVersion = 1.0.0;
			};
		};
		2CA967F32DAEDD35002C6D35 /* XCRemoteSwiftPackageReference "MetalPetal" */ = {
			isa = XCRemoteSwiftPackageReference;
			repositoryURL = "https://github.com/MetalPetal/MetalPetal.git";
			requirement = {
				kind = upToNextMajorVersion;
				minimumVersion = 1.25.2;
			};
		};
/* End XCRemoteSwiftPackageReference section */

/* Begin XCSwiftPackageProductDependency section */
		2CA967D32DAB8DAE002C6D35 /* FluidGradient */ = {
			isa = XCSwiftPackageProductDependency;
			package = 2C5C54A42DAB8C3E003F5A61 /* XCRemoteSwiftPackageReference "FluidGradient" */;
			productName = FluidGradient;
		};
		2CA967F42DAEDD35002C6D35 /* MetalPetal */ = {
			isa = XCSwiftPackageProductDependency;
			package = 2CA967F32DAEDD35002C6D35 /* XCRemoteSwiftPackageReference "MetalPetal" */;
			productName = MetalPetal;
		};
/* End XCSwiftPackageProductDependency section */

	};
	rootObject = 2CB5689E2C7CB9B50027924C /* Project object */;
}
